// !$*UTF8*$!
{
	archiveVersion = 1;
	classes = {
	};
	objectVersion = 46;
	objects = {

/* Begin PBXBuildFile section */
		C52CB4871522BFA70072C3F5 /* UIKit.framework in Frameworks */ = {isa = PBXBuildFile; fileRef = C52CB4861522BFA70072C3F5 /* UIKit.framework */; };
		C52CB4891522BFA70072C3F5 /* Foundation.framework in Frameworks */ = {isa = PBXBuildFile; fileRef = C52CB4881522BFA70072C3F5 /* Foundation.framework */; };
		C52CB48B1522BFA70072C3F5 /* CoreGraphics.framework in Frameworks */ = {isa = PBXBuildFile; fileRef = C52CB48A1522BFA70072C3F5 /* CoreGraphics.framework */; };
		C52CB4911522BFA70072C3F5 /* InfoPlist.strings in Resources */ = {isa = PBXBuildFile; fileRef = C52CB48F1522BFA70072C3F5 /* InfoPlist.strings */; };
		C52CB4931522BFA70072C3F5 /* main.m in Sources */ = {isa = PBXBuildFile; fileRef = C52CB4921522BFA70072C3F5 /* main.m */; };
		C52CB4971522BFA70072C3F5 /* AppDelegate.m in Sources */ = {isa = PBXBuildFile; fileRef = C52CB4961522BFA70072C3F5 /* AppDelegate.m */; };
		C52CB49A1522BFA70072C3F5 /* RootViewController.m in Sources */ = {isa = PBXBuildFile; fileRef = C52CB4991522BFA70072C3F5 /* RootViewController.m */; };
		C52CB49D1522BFA70072C3F5 /* DataViewController.m in Sources */ = {isa = PBXBuildFile; fileRef = C52CB49C1522BFA70072C3F5 /* DataViewController.m */; };
		C52CB4A01522BFA70072C3F5 /* ModelController.m in Sources */ = {isa = PBXBuildFile; fileRef = C52CB49F1522BFA70072C3F5 /* ModelController.m */; };
		C52CB4A31522BFA70072C3F5 /* MainStoryboard.storyboard in Resources */ = {isa = PBXBuildFile; fileRef = C52CB4A11522BFA70072C3F5 /* MainStoryboard.storyboard */; };
/* End PBXBuildFile section */

/* Begin PBXFileReference section */
		C52CB4821522BFA70072C3F5 /* Test003.app */ = {isa = PBXFileReference; explicitFileType = wrapper.application; includeInIndex = 0; path = Test003.app; sourceTree = BUILT_PRODUCTS_DIR; };
		C52CB4861522BFA70072C3F5 /* UIKit.framework */ = {isa = PBXFileReference; lastKnownFileType = wrapper.framework; name = UIKit.framework; path = System/Library/Frameworks/UIKit.framework; sourceTree = SDKROOT; };
		C52CB4881522BFA70072C3F5 /* Foundation.framework */ = {isa = PBXFileReference; lastKnownFileType = wrapper.framework; name = Foundation.framework; path = System/Library/Frameworks/Foundation.framework; sourceTree = SDKROOT; };
		C52CB48A1522BFA70072C3F5 /* CoreGraphics.framework */ = {isa = PBXFileReference; lastKnownFileType = wrapper.framework; name = CoreGraphics.framework; path = System/Library/Frameworks/CoreGraphics.framework; sourceTree = SDKROOT; };
		C52CB48E1522BFA70072C3F5 /* Test003-Info.plist */ = {isa = PBXFileReference; lastKnownFileType = text.plist.xml; path = "Test003-Info.plist"; sourceTree = "<group>"; };
		C52CB4901522BFA70072C3F5 /* en */ = {isa = PBXFileReference; lastKnownFileType = text.plist.strings; name = en; path = en.lproj/InfoPlist.strings; sourceTree = "<group>"; };
		C52CB4921522BFA70072C3F5 /* main.m */ = {isa = PBXFileReference; lastKnownFileType = sourcecode.c.objc; path = main.m; sourceTree = "<group>"; };
		C52CB4941522BFA70072C3F5 /* Test003-Prefix.pch */ = {isa = PBXFileReference; lastKnownFileType = sourcecode.c.h; path = "Test003-Prefix.pch"; sourceTree = "<group>"; };
		C52CB4951522BFA70072C3F5 /* AppDelegate.h */ = {isa = PBXFileReference; lastKnownFileType = sourcecode.c.h; path = AppDelegate.h; sourceTree = "<group>"; };
		C52CB4961522BFA70072C3F5 /* AppDelegate.m */ = {isa = PBXFileReference; lastKnownFileType = sourcecode.c.objc; path = AppDelegate.m; sourceTree = "<group>"; };
		C52CB4981522BFA70072C3F5 /* RootViewController.h */ = {isa = PBXFileReference; lastKnownFileType = sourcecode.c.h; path = RootViewController.h; sourceTree = "<group>"; };
		C52CB4991522BFA70072C3F5 /* RootViewController.m */ = {isa = PBXFileReference; lastKnownFileType = sourcecode.c.objc; path = RootViewController.m; sourceTree = "<group>"; };
		C52CB49B1522BFA70072C3F5 /* DataViewController.h */ = {isa = PBXFileReference; lastKnownFileType = sourcecode.c.h; path = DataViewController.h; sourceTree = "<group>"; };
		C52CB49C1522BFA70072C3F5 /* DataViewController.m */ = {isa = PBXFileReference; lastKnownFileType = sourcecode.c.objc; path = DataViewController.m; sourceTree = "<group>"; };
		C52CB49E1522BFA70072C3F5 /* ModelController.h */ = {isa = PBXFileReference; lastKnownFileType = sourcecode.c.h; path = ModelController.h; sourceTree = "<group>"; };
		C52CB49F1522BFA70072C3F5 /* ModelController.m */ = {isa = PBXFileReference; lastKnownFileType = sourcecode.c.objc; path = ModelController.m; sourceTree = "<group>"; };
		C52CB4A21522BFA70072C3F5 /* en */ = {isa = PBXFileReference; lastKnownFileType = file.storyboard; name = en; path = en.lproj/MainStoryboard.storyboard; sourceTree = "<group>"; };
/* End PBXFileReference section */

/* Begin PBXFrameworksBuildPhase section */
		C52CB47F1522BFA70072C3F5 /* Frameworks */ = {
			isa = PBXFrameworksBuildPhase;
			buildActionMask = 2147483647;
			files = (
				C52CB4871522BFA70072C3F5 /* UIKit.framework in Frameworks */,
				C52CB4891522BFA70072C3F5 /* Foundation.framework in Frameworks */,
				C52CB48B1522BFA70072C3F5 /* CoreGraphics.framework in Frameworks */,
			);
			runOnlyForDeploymentPostprocessing = 0;
		};
/* End PBXFrameworksBuildPhase section */

/* Begin PBXGroup section */
		C52CB4771522BFA70072C3F5 = {
			isa = PBXGroup;
			children = (
				C52CB48C1522BFA70072C3F5 /* Test003 */,
				C52CB4851522BFA70072C3F5 /* Frameworks */,
				C52CB4831522BFA70072C3F5 /* Products */,
			);
			sourceTree = "<group>";
		};
		C52CB4831522BFA70072C3F5 /* Products */ = {
			isa = PBXGroup;
			children = (
				C52CB4821522BFA70072C3F5 /* Test003.app */,
			);
			name = Products;
			sourceTree = "<group>";
		};
		C52CB4851522BFA70072C3F5 /* Frameworks */ = {
			isa = PBXGroup;
			children = (
				C52CB4861522BFA70072C3F5 /* UIKit.framework */,
				C52CB4881522BFA70072C3F5 /* Foundation.framework */,
				C52CB48A1522BFA70072C3F5 /* CoreGraphics.framework */,
			);
			name = Frameworks;
			sourceTree = "<group>";
		};
		C52CB48C1522BFA70072C3F5 /* Test003 */ = {
			isa = PBXGroup;
			children = (
				C52CB4951522BFA70072C3F5 /* AppDelegate.h */,
				C52CB4961522BFA70072C3F5 /* AppDelegate.m */,
				C52CB4981522BFA70072C3F5 /* RootViewController.h */,
				C52CB4991522BFA70072C3F5 /* RootViewController.m */,
				C52CB49B1522BFA70072C3F5 /* DataViewController.h */,
				C52CB49C1522BFA70072C3F5 /* DataViewController.m */,
				C52CB49E1522BFA70072C3F5 /* ModelController.h */,
				C52CB49F1522BFA70072C3F5 /* ModelController.m */,
				C52CB4A11522BFA70072C3F5 /* MainStoryboard.storyboard */,
				C52CB48D1522BFA70072C3F5 /* Supporting Files */,
			);
			path = Test003;
			sourceTree = "<group>";
		};
		C52CB48D1522BFA70072C3F5 /* Supporting Files */ = {
			isa = PBXGroup;
			children = (
				C52CB48E1522BFA70072C3F5 /* Test003-Info.plist */,
				C52CB48F1522BFA70072C3F5 /* InfoPlist.strings */,
				C52CB4921522BFA70072C3F5 /* main.m */,
				C52CB4941522BFA70072C3F5 /* Test003-Prefix.pch */,
			);
			name = "Supporting Files";
			sourceTree = "<group>";
		};
/* End PBXGroup section */

/* Begin PBXNativeTarget section */
		C52CB4811522BFA70072C3F5 /* Test003 */ = {
			isa = PBXNativeTarget;
			buildConfigurationList = C52CB4A61522BFA70072C3F5 /* Build configuration list for PBXNativeTarget "Test003" */;
			buildPhases = (
				C52CB47E1522BFA70072C3F5 /* Sources */,
				C52CB47F1522BFA70072C3F5 /* Frameworks */,
				C52CB4801522BFA70072C3F5 /* Resources */,
			);
			buildRules = (
			);
			dependencies = (
			);
			name = Test003;
			productName = Test003;
			productReference = C52CB4821522BFA70072C3F5 /* Test003.app */;
			productType = "com.apple.product-type.application";
		};
/* End PBXNativeTarget section */

/* Begin PBXProject section */
		C52CB4791522BFA70072C3F5 /* Project object */ = {
			isa = PBXProject;
			attributes = {
				LastUpgradeCheck = 0430;
			};
			buildConfigurationList = C52CB47C1522BFA70072C3F5 /* Build configuration list for PBXProject "Test003" */;
			compatibilityVersion = "Xcode 3.2";
			developmentRegion = English;
			hasScannedForEncodings = 0;
			knownRegions = (
				en,
			);
			mainGroup = C52CB4771522BFA70072C3F5;
			productRefGroup = C52CB4831522BFA70072C3F5 /* Products */;
			projectDirPath = "";
			projectRoot = "";
			targets = (
				C52CB4811522BFA70072C3F5 /* Test003 */,
			);
		};
/* End PBXProject section */

/* Begin PBXResourcesBuildPhase section */
		C52CB4801522BFA70072C3F5 /* Resources */ = {
			isa = PBXResourcesBuildPhase;
			buildActionMask = 2147483647;
			files = (
				C52CB4911522BFA70072C3F5 /* InfoPlist.strings in Resources */,
				C52CB4A31522BFA70072C3F5 /* MainStoryboard.storyboard in Resources */,
			);
			runOnlyForDeploymentPostprocessing = 0;
		};
/* End PBXResourcesBuildPhase section */

/* Begin PBXSourcesBuildPhase section */
		C52CB47E1522BFA70072C3F5 /* Sources */ = {
			isa = PBXSourcesBuildPhase;
			buildActionMask = 2147483647;
			files = (
				C52CB4931522BFA70072C3F5 /* main.m in Sources */,
				C52CB4971522BFA70072C3F5 /* AppDelegate.m in Sources */,
				C52CB49A1522BFA70072C3F5 /* RootViewController.m in Sources */,
				C52CB49D1522BFA70072C3F5 /* DataViewController.m in Sources */,
				C52CB4A01522BFA70072C3F5 /* ModelController.m in Sources */,
			);
			runOnlyForDeploymentPostprocessing = 0;
		};
/* End PBXSourcesBuildPhase section */

/* Begin PBXVariantGroup section */
		C52CB48F1522BFA70072C3F5 /* InfoPlist.strings */ = {
			isa = PBXVariantGroup;
			children = (
				C52CB4901522BFA70072C3F5 /* en */,
			);
			name = InfoPlist.strings;
			sourceTree = "<group>";
		};
		C52CB4A11522BFA70072C3F5 /* MainStoryboard.storyboard */ = {
			isa = PBXVariantGroup;
			children = (
				C52CB4A21522BFA70072C3F5 /* en */,
			);
			name = MainStoryboard.storyboard;
			sourceTree = "<group>";
		};
/* End PBXVariantGroup section */

/* Begin XCBuildConfiguration section */
		C52CB4A41522BFA70072C3F5 /* Debug */ = {
			isa = XCBuildConfiguration;
			buildSettings = {
				ALWAYS_SEARCH_USER_PATHS = NO;
				ARCHS = "$(ARCHS_STANDARD_32_BIT)";
				"CODE_SIGN_IDENTITY[sdk=iphoneos*]" = "iPhone Developer";
				COPY_PHASE_STRIP = NO;
				GCC_C_LANGUAGE_STANDARD = gnu99;
				GCC_DYNAMIC_NO_PIC = NO;
				GCC_OPTIMIZATION_LEVEL = 0;
				GCC_PREPROCESSOR_DEFINITIONS = (
					"DEBUG=1",
					"$(inherited)",
				);
				GCC_SYMBOLS_PRIVATE_EXTERN = NO;
				GCC_VERSION = com.apple.compilers.llvm.clang.1_0;
				GCC_WARN_ABOUT_RETURN_TYPE = YES;
				GCC_WARN_UNINITIALIZED_AUTOS = YES;
				GCC_WARN_UNUSED_VARIABLE = YES;
				IPHONEOS_DEPLOYMENT_TARGET = 5.1;
				SDKROOT = iphoneos;
			};
			name = Debug;
		};
		C52CB4A51522BFA70072C3F5 /* Release */ = {
			isa = XCBuildConfiguration;
			buildSettings = {
				ALWAYS_SEARCH_USER_PATHS = NO;
				ARCHS = "$(ARCHS_STANDARD_32_BIT)";
				"CODE_SIGN_IDENTITY[sdk=iphoneos*]" = "iPhone Developer";
				COPY_PHASE_STRIP = YES;
				GCC_C_LANGUAGE_STANDARD = gnu99;
				GCC_VERSION = com.apple.compilers.llvm.clang.1_0;
				GCC_WARN_ABOUT_RETURN_TYPE = YES;
				GCC_WARN_UNINITIALIZED_AUTOS = YES;
				GCC_WARN_UNUSED_VARIABLE = YES;
				IPHONEOS_DEPLOYMENT_TARGET = 5.1;
				OTHER_CFLAGS = "-DNS_BLOCK_ASSERTIONS=1";
				SDKROOT = iphoneos;
				VALIDATE_PRODUCT = YES;
			};
			name = Release;
		};
		C52CB4A71522BFA70072C3F5 /* Debug */ = {
			isa = XCBuildConfiguration;
			buildSettings = {
				GCC_PRECOMPILE_PREFIX_HEADER = YES;
				GCC_PREFIX_HEADER = "Test003/Test003-Prefix.pch";
				INFOPLIST_FILE = "Test003/Test003-Info.plist";
				IPHONEOS_DEPLOYMENT_TARGET = 5.1;
				PRODUCT_NAME = "$(TARGET_NAME)";
				TARGETED_DEVICE_FAMILY = 2;
				WRAPPER_EXTENSION = app;
			};
			name = Debug;
		};
		C52CB4A81522BFA70072C3F5 /* Release */ = {
			isa = XCBuildConfiguration;
			buildSettings = {
				GCC_PRECOMPILE_PREFIX_HEADER = YES;
				GCC_PREFIX_HEADER = "Test003/Test003-Prefix.pch";
				INFOPLIST_FILE = "Test003/Test003-Info.plist";
				IPHONEOS_DEPLOYMENT_TARGET = 5.1;
				PRODUCT_NAME = "$(TARGET_NAME)";
				TARGETED_DEVICE_FAMILY = 2;
				WRAPPER_EXTENSION = app;
			};
			name = Release;
		};
/* End XCBuildConfiguration section */

/* Begin XCConfigurationList section */
		C52CB47C1522BFA70072C3F5 /* Build configuration list for PBXProject "Test003" */ = {
			isa = XCConfigurationList;
			buildConfigurations = (
				C52CB4A41522BFA70072C3F5 /* Debug */,
				C52CB4A51522BFA70072C3F5 /* Release */,
			);
			defaultConfigurationIsVisible = 0;
			defaultConfigurationName = Release;
		};
		C52CB4A61522BFA70072C3F5 /* Build configuration list for PBXNativeTarget "Test003" */ = {
			isa = XCConfigurationList;
			buildConfigurations = (
				C52CB4A71522BFA70072C3F5 /* Debug */,
				C52CB4A81522BFA70072C3F5 /* Release */,
			);
			defaultConfigurationIsVisible = 0;
		};
/* End XCConfigurationList section */
	};
	rootObject = C52CB4791522BFA70072C3F5 /* Project object */;
}
