// !$*UTF8*$!
{
	archiveVersion = 1;
	classes = {
	};
	objectVersion = 46;
	objects = {

/* Begin PBXBuildFile section */
		C5BF7F53152170840090C3F5 /* UIKit.framework in Frameworks */ = {isa = PBXBuildFile; fileRef = C5BF7F52152170840090C3F5 /* UIKit.framework */; };
		C5BF7F55152170840090C3F5 /* Foundation.framework in Frameworks */ = {isa = PBXBuildFile; fileRef = C5BF7F54152170840090C3F5 /* Foundation.framework */; };
		C5BF7F57152170840090C3F5 /* CoreGraphics.framework in Frameworks */ = {isa = PBXBuildFile; fileRef = C5BF7F56152170840090C3F5 /* CoreGraphics.framework */; };
		C5BF7F5D152170840090C3F5 /* InfoPlist.strings in Resources */ = {isa = PBXBuildFile; fileRef = C5BF7F5B152170840090C3F5 /* InfoPlist.strings */; };
		C5BF7F5F152170840090C3F5 /* main.m in Sources */ = {isa = PBXBuildFile; fileRef = C5BF7F5E152170840090C3F5 /* main.m */; };
		C5BF7F63152170840090C3F5 /* AppDelegate.m in Sources */ = {isa = PBXBuildFile; fileRef = C5BF7F62152170840090C3F5 /* AppDelegate.m */; };
		C5BF7F66152170840090C3F5 /* MainStoryboard.storyboard in Resources */ = {isa = PBXBuildFile; fileRef = C5BF7F64152170840090C3F5 /* MainStoryboard.storyboard */; };
		C5BF7F69152170840090C3F5 /* ViewController.m in Sources */ = {isa = PBXBuildFile; fileRef = C5BF7F68152170840090C3F5 /* ViewController.m */; };
/* End PBXBuildFile section */

/* Begin PBXFileReference section */
		C5BF7F4E152170840090C3F5 /* TestSum.app */ = {isa = PBXFileReference; explicitFileType = wrapper.application; includeInIndex = 0; path = TestSum.app; sourceTree = BUILT_PRODUCTS_DIR; };
		C5BF7F52152170840090C3F5 /* UIKit.framework */ = {isa = PBXFileReference; lastKnownFileType = wrapper.framework; name = UIKit.framework; path = System/Library/Frameworks/UIKit.framework; sourceTree = SDKROOT; };
		C5BF7F54152170840090C3F5 /* Foundation.framework */ = {isa = PBXFileReference; lastKnownFileType = wrapper.framework; name = Foundation.framework; path = System/Library/Frameworks/Foundation.framework; sourceTree = SDKROOT; };
		C5BF7F56152170840090C3F5 /* CoreGraphics.framework */ = {isa = PBXFileReference; lastKnownFileType = wrapper.framework; name = CoreGraphics.framework; path = System/Library/Frameworks/CoreGraphics.framework; sourceTree = SDKROOT; };
		C5BF7F5A152170840090C3F5 /* TestSum-Info.plist */ = {isa = PBXFileReference; lastKnownFileType = text.plist.xml; path = "TestSum-Info.plist"; sourceTree = "<group>"; };
		C5BF7F5C152170840090C3F5 /* en */ = {isa = PBXFileReference; lastKnownFileType = text.plist.strings; name = en; path = en.lproj/InfoPlist.strings; sourceTree = "<group>"; };
		C5BF7F5E152170840090C3F5 /* main.m */ = {isa = PBXFileReference; lastKnownFileType = sourcecode.c.objc; path = main.m; sourceTree = "<group>"; };
		C5BF7F60152170840090C3F5 /* TestSum-Prefix.pch */ = {isa = PBXFileReference; lastKnownFileType = sourcecode.c.h; path = "TestSum-Prefix.pch"; sourceTree = "<group>"; };
		C5BF7F61152170840090C3F5 /* AppDelegate.h */ = {isa = PBXFileReference; lastKnownFileType = sourcecode.c.h; path = AppDelegate.h; sourceTree = "<group>"; };
		C5BF7F62152170840090C3F5 /* AppDelegate.m */ = {isa = PBXFileReference; lastKnownFileType = sourcecode.c.objc; path = AppDelegate.m; sourceTree = "<group>"; };
		C5BF7F65152170840090C3F5 /* en */ = {isa = PBXFileReference; lastKnownFileType = file.storyboard; name = en; path = en.lproj/MainStoryboard.storyboard; sourceTree = "<group>"; };
		C5BF7F67152170840090C3F5 /* ViewController.h */ = {isa = PBXFileReference; lastKnownFileType = sourcecode.c.h; path = ViewController.h; sourceTree = "<group>"; };
		C5BF7F68152170840090C3F5 /* ViewController.m */ = {isa = PBXFileReference; lastKnownFileType = sourcecode.c.objc; path = ViewController.m; sourceTree = "<group>"; };
/* End PBXFileReference section */

/* Begin PBXFrameworksBuildPhase section */
		C5BF7F4B152170840090C3F5 /* Frameworks */ = {
			isa = PBXFrameworksBuildPhase;
			buildActionMask = 2147483647;
			files = (
				C5BF7F53152170840090C3F5 /* UIKit.framework in Frameworks */,
				C5BF7F55152170840090C3F5 /* Foundation.framework in Frameworks */,
				C5BF7F57152170840090C3F5 /* CoreGraphics.framework in Frameworks */,
			);
			runOnlyForDeploymentPostprocessing = 0;
		};
/* End PBXFrameworksBuildPhase section */

/* Begin PBXGroup section */
		C5BF7F43152170840090C3F5 = {
			isa = PBXGroup;
			children = (
				C5BF7F58152170840090C3F5 /* TestSum */,
				C5BF7F51152170840090C3F5 /* Frameworks */,
				C5BF7F4F152170840090C3F5 /* Products */,
			);
			sourceTree = "<group>";
		};
		C5BF7F4F152170840090C3F5 /* Products */ = {
			isa = PBXGroup;
			children = (
				C5BF7F4E152170840090C3F5 /* TestSum.app */,
			);
			name = Products;
			sourceTree = "<group>";
		};
		C5BF7F51152170840090C3F5 /* Frameworks */ = {
			isa = PBXGroup;
			children = (
				C5BF7F52152170840090C3F5 /* UIKit.framework */,
				C5BF7F54152170840090C3F5 /* Foundation.framework */,
				C5BF7F56152170840090C3F5 /* CoreGraphics.framework */,
			);
			name = Frameworks;
			sourceTree = "<group>";
		};
		C5BF7F58152170840090C3F5 /* TestSum */ = {
			isa = PBXGroup;
			children = (
				C5BF7F61152170840090C3F5 /* AppDelegate.h */,
				C5BF7F62152170840090C3F5 /* AppDelegate.m */,
				C5BF7F64152170840090C3F5 /* MainStoryboard.storyboard */,
				C5BF7F67152170840090C3F5 /* ViewController.h */,
				C5BF7F68152170840090C3F5 /* ViewController.m */,
				C5BF7F59152170840090C3F5 /* Supporting Files */,
			);
			path = TestSum;
			sourceTree = "<group>";
		};
		C5BF7F59152170840090C3F5 /* Supporting Files */ = {
			isa = PBXGroup;
			children = (
				C5BF7F5A152170840090C3F5 /* TestSum-Info.plist */,
				C5BF7F5B152170840090C3F5 /* InfoPlist.strings */,
				C5BF7F5E152170840090C3F5 /* main.m */,
				C5BF7F60152170840090C3F5 /* TestSum-Prefix.pch */,
			);
			name = "Supporting Files";
			sourceTree = "<group>";
		};
/* End PBXGroup section */

/* Begin PBXNativeTarget section */
		C5BF7F4D152170840090C3F5 /* TestSum */ = {
			isa = PBXNativeTarget;
			buildConfigurationList = C5BF7F6C152170840090C3F5 /* Build configuration list for PBXNativeTarget "TestSum" */;
			buildPhases = (
				C5BF7F4A152170840090C3F5 /* Sources */,
				C5BF7F4B152170840090C3F5 /* Frameworks */,
				C5BF7F4C152170840090C3F5 /* Resources */,
			);
			buildRules = (
			);
			dependencies = (
			);
			name = TestSum;
			productName = TestSum;
			productReference = C5BF7F4E152170840090C3F5 /* TestSum.app */;
			productType = "com.apple.product-type.application";
		};
/* End PBXNativeTarget section */

/* Begin PBXProject section */
		C5BF7F45152170840090C3F5 /* Project object */ = {
			isa = PBXProject;
			attributes = {
				LastUpgradeCheck = 0430;
			};
			buildConfigurationList = C5BF7F48152170840090C3F5 /* Build configuration list for PBXProject "TestSum" */;
			compatibilityVersion = "Xcode 3.2";
			developmentRegion = English;
			hasScannedForEncodings = 0;
			knownRegions = (
				en,
			);
			mainGroup = C5BF7F43152170840090C3F5;
			productRefGroup = C5BF7F4F152170840090C3F5 /* Products */;
			projectDirPath = "";
			projectRoot = "";
			targets = (
				C5BF7F4D152170840090C3F5 /* TestSum */,
			);
		};
/* End PBXProject section */

/* Begin PBXResourcesBuildPhase section */
		C5BF7F4C152170840090C3F5 /* Resources */ = {
			isa = PBXResourcesBuildPhase;
			buildActionMask = 2147483647;
			files = (
				C5BF7F5D152170840090C3F5 /* InfoPlist.strings in Resources */,
				C5BF7F66152170840090C3F5 /* MainStoryboard.storyboard in Resources */,
			);
			runOnlyForDeploymentPostprocessing = 0;
		};
/* End PBXResourcesBuildPhase section */

/* Begin PBXSourcesBuildPhase section */
		C5BF7F4A152170840090C3F5 /* Sources */ = {
			isa = PBXSourcesBuildPhase;
			buildActionMask = 2147483647;
			files = (
				C5BF7F5F152170840090C3F5 /* main.m in Sources */,
				C5BF7F63152170840090C3F5 /* AppDelegate.m in Sources */,
				C5BF7F69152170840090C3F5 /* ViewController.m in Sources */,
			);
			runOnlyForDeploymentPostprocessing = 0;
		};
/* End PBXSourcesBuildPhase section */

/* Begin PBXVariantGroup section */
		C5BF7F5B152170840090C3F5 /* InfoPlist.strings */ = {
			isa = PBXVariantGroup;
			children = (
				C5BF7F5C152170840090C3F5 /* en */,
			);
			name = InfoPlist.strings;
			sourceTree = "<group>";
		};
		C5BF7F64152170840090C3F5 /* MainStoryboard.storyboard */ = {
			isa = PBXVariantGroup;
			children = (
				C5BF7F65152170840090C3F5 /* en */,
			);
			name = MainStoryboard.storyboard;
			sourceTree = "<group>";
		};
/* End PBXVariantGroup section */

/* Begin XCBuildConfiguration section */
		C5BF7F6A152170840090C3F5 /* Debug */ = {
			isa = XCBuildConfiguration;
			buildSettings = {
				ALWAYS_SEARCH_USER_PATHS = NO;
				ARCHS = "$(ARCHS_STANDARD_32_BIT)";
				"CODE_SIGN_IDENTITY[sdk=iphoneos*]" = "iPhone Developer";
				COPY_PHASE_STRIP = NO;
				GCC_C_LANGUAGE_STANDARD = gnu99;
				GCC_DYNAMIC_NO_PIC = NO;
				GCC_OPTIMIZATION_LEVEL = 0;
				GCC_PREPROCESSOR_DEFINITIONS = (
					"DEBUG=1",
					"$(inherited)",
				);
				GCC_SYMBOLS_PRIVATE_EXTERN = NO;
				GCC_VERSION = com.apple.compilers.llvm.clang.1_0;
				GCC_WARN_ABOUT_RETURN_TYPE = YES;
				GCC_WARN_UNINITIALIZED_AUTOS = YES;
				GCC_WARN_UNUSED_VARIABLE = YES;
				IPHONEOS_DEPLOYMENT_TARGET = 5.1;
				SDKROOT = iphoneos;
			};
			name = Debug;
		};
		C5BF7F6B152170840090C3F5 /* Release */ = {
			isa = XCBuildConfiguration;
			buildSettings = {
				ALWAYS_SEARCH_USER_PATHS = NO;
				ARCHS = "$(ARCHS_STANDARD_32_BIT)";
				"CODE_SIGN_IDENTITY[sdk=iphoneos*]" = "iPhone Developer";
				COPY_PHASE_STRIP = YES;
				GCC_C_LANGUAGE_STANDARD = gnu99;
				GCC_VERSION = com.apple.compilers.llvm.clang.1_0;
				GCC_WARN_ABOUT_RETURN_TYPE = YES;
				GCC_WARN_UNINITIALIZED_AUTOS = YES;
				GCC_WARN_UNUSED_VARIABLE = YES;
				IPHONEOS_DEPLOYMENT_TARGET = 5.1;
				OTHER_CFLAGS = "-DNS_BLOCK_ASSERTIONS=1";
				SDKROOT = iphoneos;
				VALIDATE_PRODUCT = YES;
			};
			name = Release;
		};
		C5BF7F6D152170840090C3F5 /* Debug */ = {
			isa = XCBuildConfiguration;
			buildSettings = {
				GCC_PRECOMPILE_PREFIX_HEADER = YES;
				GCC_PREFIX_HEADER = "TestSum/TestSum-Prefix.pch";
				INFOPLIST_FILE = "TestSum/TestSum-Info.plist";
				PRODUCT_NAME = "$(TARGET_NAME)";
				WRAPPER_EXTENSION = app;
			};
			name = Debug;
		};
		C5BF7F6E152170840090C3F5 /* Release */ = {
			isa = XCBuildConfiguration;
			buildSettings = {
				GCC_PRECOMPILE_PREFIX_HEADER = YES;
				GCC_PREFIX_HEADER = "TestSum/TestSum-Prefix.pch";
				INFOPLIST_FILE = "TestSum/TestSum-Info.plist";
				PRODUCT_NAME = "$(TARGET_NAME)";
				WRAPPER_EXTENSION = app;
			};
			name = Release;
		};
/* End XCBuildConfiguration section */

/* Begin XCConfigurationList section */
		C5BF7F48152170840090C3F5 /* Build configuration list for PBXProject "TestSum" */ = {
			isa = XCConfigurationList;
			buildConfigurations = (
				C5BF7F6A152170840090C3F5 /* Debug */,
				C5BF7F6B152170840090C3F5 /* Release */,
			);
			defaultConfigurationIsVisible = 0;
			defaultConfigurationName = Release;
		};
		C5BF7F6C152170840090C3F5 /* Build configuration list for PBXNativeTarget "TestSum" */ = {
			isa = XCConfigurationList;
			buildConfigurations = (
				C5BF7F6D152170840090C3F5 /* Debug */,
				C5BF7F6E152170840090C3F5 /* Release */,
			);
			defaultConfigurationIsVisible = 0;
		};
/* End XCConfigurationList section */
	};
	rootObject = C5BF7F45152170840090C3F5 /* Project object */;
}
